
Microsoft Visual Studio Solution File, Format Version 12.00
# Visual Studio Version 17
VisualStudioVersion = 17.10.34916.146
MinimumVisualStudioVersion = 10.0.40219.1
Project("{FAE04EC0-301F-11D3-BF4B-00C04F79EFBC}") = "Test", "Test\Test.csproj", "{511589C5-3F63-4F48-BF60-94CBA30F9D96}"
EndProject
Global
	GlobalSection(SolutionConfigurationPlatforms) = preSolution
		Debug|Any CPU = Debug|Any CPU
		Release|Any CPU = Release|Any CPU
	EndGlobalSection
	GlobalSection(ProjectConfigurationPlatforms) = postSolution
		{511589C5-3F63-4F48-BF60-94CBA30F9D96}.Debug|Any CPU.ActiveCfg = Debug|Any CPU
		{511589C5-3F63-4F48-BF60-94CBA30F9D96}.Debug|Any CPU.Build.0 = Debug|Any CPU
		{511589C5-3F63-4F48-BF60-94CBA30F9D96}.Release|Any CPU.ActiveCfg = Release|Any CPU
		{511589C5-3F63-4F48-BF60-94CBA30F9D96}.Release|Any CPU.Build.0 = Release|Any CPU
	EndGlobalSection
	GlobalSection(SolutionProperties) = preSolution
		HideSolutionNode = FALSE
	EndGlobalSection
	GlobalSection(ExtensibilityGlobals) = postSolution
		SolutionGuid = {12446822-5EA2-417E-B6D3-5574C467558C}
	EndGlobalSection
EndGlobal
